
Microsoft Visual Studio Solution File, Format Version 12.00
# Visual Studio Version 16
VisualStudioVersion = 16.0.30128.74
MinimumVisualStudioVersion = 10.0.40219.1
Project("{FAE04EC0-301F-11D3-BF4B-00C04F79EFBC}") = "DataMiningForm", "DataMiningForm.csproj", "{496E7119-9206-4930-AEC1-ED723604C2E8}"
EndProject
Global
	GlobalSection(SolutionConfigurationPlatforms) = preSolution
		Debug|Any CPU = Debug|Any CPU
		Release|Any CPU = Release|Any CPU
	EndGlobalSection
	GlobalSection(ProjectConfigurationPlatforms) = postSolution
		{496E7119-9206-4930-AEC1-ED723604C2E8}.Debug|Any CPU.ActiveCfg = Debug|Any CPU
		{496E7119-9206-4930-AEC1-ED723604C2E8}.Debug|Any CPU.Build.0 = Debug|Any CPU
		{496E7119-9206-4930-AEC1-ED723604C2E8}.Release|Any CPU.ActiveCfg = Release|Any CPU
		{496E7119-9206-4930-AEC1-ED723604C2E8}.Release|Any CPU.Build.0 = Release|Any CPU
	EndGlobalSection
	GlobalSection(SolutionProperties) = preSolution
		HideSolutionNode = FALSE
	EndGlobalSection
	GlobalSection(ExtensibilityGlobals) = postSolution
		SolutionGuid = {D64102E4-5B17-43F7-A3B9-18157884EED7}
	EndGlobalSection
EndGlobal
